
Microsoft Visual Studio Solution File, Format Version 12.00
# Visual Studio Version 17
VisualStudioVersion = 17.8.34316.72
MinimumVisualStudioVersion = 10.0.40219.1
Project("{9A19103F-16F7-4668-BE54-9A1E7A4F7556}") = "lab08", "lab08\lab08.csproj", "{87B12259-4D45-4236-8723-4B359E96A58B}"
EndProject
Project("{FAE04EC0-301F-11D3-BF4B-00C04F79EFBC}") = "lab08d", "lab08d\lab08d.csproj", "{9991C96D-75A2-4D0E-BC13-8180B7986C9F}"
EndProject
Global
	GlobalSection(SolutionConfigurationPlatforms) = preSolution
		Debug|Any CPU = Debug|Any CPU
		Release|Any CPU = Release|Any CPU
	EndGlobalSection
	GlobalSection(ProjectConfigurationPlatforms) = postSolution
		{87B12259-4D45-4236-8723-4B359E96A58B}.Debug|Any CPU.ActiveCfg = Debug|Any CPU
		{87B12259-4D45-4236-8723-4B359E96A58B}.Debug|Any CPU.Build.0 = Debug|Any CPU
		{87B12259-4D45-4236-8723-4B359E96A58B}.Release|Any CPU.ActiveCfg = Release|Any CPU
		{87B12259-4D45-4236-8723-4B359E96A58B}.Release|Any CPU.Build.0 = Release|Any CPU
		{9991C96D-75A2-4D0E-BC13-8180B7986C9F}.Debug|Any CPU.ActiveCfg = Debug|Any CPU
		{9991C96D-75A2-4D0E-BC13-8180B7986C9F}.Debug|Any CPU.Build.0 = Debug|Any CPU
		{9991C96D-75A2-4D0E-BC13-8180B7986C9F}.Release|Any CPU.ActiveCfg = Release|Any CPU
		{9991C96D-75A2-4D0E-BC13-8180B7986C9F}.Release|Any CPU.Build.0 = Release|Any CPU
	EndGlobalSection
	GlobalSection(SolutionProperties) = preSolution
		HideSolutionNode = FALSE
	EndGlobalSection
	GlobalSection(ExtensibilityGlobals) = postSolution
		SolutionGuid = {EFFB3EB9-05AA-4A43-910A-592694CCCC95}
	EndGlobalSection
EndGlobal
